
Microsoft Visual Studio Solution File, Format Version 12.00
# Visual Studio 2013
VisualStudioVersion = 12.0.31101.0
MinimumVisualStudioVersion = 10.0.40219.1
Project("{FAE04EC0-301F-11D3-BF4B-00C04F79EFBC}") = "ProvisioningTemplate", "ProvisioningTemplate\ProvisioningTemplate.csproj", "{05D5E924-5519-443B-ADC4-0D1259B16096}"
EndProject
Project("{FAE04EC0-301F-11D3-BF4B-00C04F79EFBC}") = "ProvisioningTemplate.Tests", "ProvisioningTemplate.Tests\ProvisioningTemplate.Tests.csproj", "{518DE61C-600C-4794-BC2C-777EF5D9543F}"
EndProject
Global
	GlobalSection(SolutionConfigurationPlatforms) = preSolution
		Debug|Any CPU = Debug|Any CPU
		Debug15|Any CPU = Debug15|Any CPU
		Release|Any CPU = Release|Any CPU
		Release15|Any CPU = Release15|Any CPU
	EndGlobalSection
	GlobalSection(ProjectConfigurationPlatforms) = postSolution
		{05D5E924-5519-443B-ADC4-0D1259B16096}.Debug|Any CPU.ActiveCfg = Debug|Any CPU
		{05D5E924-5519-443B-ADC4-0D1259B16096}.Debug|Any CPU.Build.0 = Debug|Any CPU
		{05D5E924-5519-443B-ADC4-0D1259B16096}.Debug15|Any CPU.ActiveCfg = Debug15|Any CPU
		{05D5E924-5519-443B-ADC4-0D1259B16096}.Debug15|Any CPU.Build.0 = Debug15|Any CPU
		{05D5E924-5519-443B-ADC4-0D1259B16096}.Release|Any CPU.ActiveCfg = Release|Any CPU
		{05D5E924-5519-443B-ADC4-0D1259B16096}.Release|Any CPU.Build.0 = Release|Any CPU
		{05D5E924-5519-443B-ADC4-0D1259B16096}.Release15|Any CPU.ActiveCfg = Release15|Any CPU
		{05D5E924-5519-443B-ADC4-0D1259B16096}.Release15|Any CPU.Build.0 = Release15|Any CPU
		{518DE61C-600C-4794-BC2C-777EF5D9543F}.Debug|Any CPU.ActiveCfg = Debug|Any CPU
		{518DE61C-600C-4794-BC2C-777EF5D9543F}.Debug|Any CPU.Build.0 = Debug|Any CPU
		{518DE61C-600C-4794-BC2C-777EF5D9543F}.Debug15|Any CPU.ActiveCfg = Debug|Any CPU
		{518DE61C-600C-4794-BC2C-777EF5D9543F}.Debug15|Any CPU.Build.0 = Debug|Any CPU
		{518DE61C-600C-4794-BC2C-777EF5D9543F}.Release|Any CPU.ActiveCfg = Release|Any CPU
		{518DE61C-600C-4794-BC2C-777EF5D9543F}.Release|Any CPU.Build.0 = Release|Any CPU
		{518DE61C-600C-4794-BC2C-777EF5D9543F}.Release15|Any CPU.ActiveCfg = Release|Any CPU
		{518DE61C-600C-4794-BC2C-777EF5D9543F}.Release15|Any CPU.Build.0 = Release|Any CPU
	EndGlobalSection
	GlobalSection(SolutionProperties) = preSolution
		HideSolutionNode = FALSE
	EndGlobalSection
EndGlobal
